
Microsoft Visual Studio Solution File, Format Version 12.00
# Visual Studio Version 17
VisualStudioVersion = 17.13.35806.99 d17.13
MinimumVisualStudioVersion = 10.0.40219.1
Project("{FAE04EC0-301F-11D3-BF4B-00C04F79EFBC}") = "BugTicketingSystem.APIs", "BugTicketingSystem.APIs\BugTicketingSystem.APIs.csproj", "{62F43EBB-3B24-4725-9349-857F25C765BC}"
EndProject
Project("{FAE04EC0-301F-11D3-BF4B-00C04F79EFBC}") = "BugTicketingSystem.DAL", "BugTicketingSystem.DAL\BugTicketingSystem.DAL.csproj", "{5E0159E2-3307-4D4B-B097-2E8668329D3C}"
EndProject
Project("{FAE04EC0-301F-11D3-BF4B-00C04F79EFBC}") = "BugTicketingSystem.BL", "BugTicketingSystem.BL\BugTicketingSystem.BL.csproj", "{737D8235-05D6-41E5-BD4C-33723CAC976C}"
EndProject
Global
	GlobalSection(SolutionConfigurationPlatforms) = preSolution
		Debug|Any CPU = Debug|Any CPU
		Release|Any CPU = Release|Any CPU
	EndGlobalSection
	GlobalSection(ProjectConfigurationPlatforms) = postSolution
		{62F43EBB-3B24-4725-9349-857F25C765BC}.Debug|Any CPU.ActiveCfg = Debug|Any CPU
		{62F43EBB-3B24-4725-9349-857F25C765BC}.Debug|Any CPU.Build.0 = Debug|Any CPU
		{62F43EBB-3B24-4725-9349-857F25C765BC}.Release|Any CPU.ActiveCfg = Release|Any CPU
		{62F43EBB-3B24-4725-9349-857F25C765BC}.Release|Any CPU.Build.0 = Release|Any CPU
		{5E0159E2-3307-4D4B-B097-2E8668329D3C}.Debug|Any CPU.ActiveCfg = Debug|Any CPU
		{5E0159E2-3307-4D4B-B097-2E8668329D3C}.Debug|Any CPU.Build.0 = Debug|Any CPU
		{5E0159E2-3307-4D4B-B097-2E8668329D3C}.Release|Any CPU.ActiveCfg = Release|Any CPU
		{5E0159E2-3307-4D4B-B097-2E8668329D3C}.Release|Any CPU.Build.0 = Release|Any CPU
		{737D8235-05D6-41E5-BD4C-33723CAC976C}.Debug|Any CPU.ActiveCfg = Debug|Any CPU
		{737D8235-05D6-41E5-BD4C-33723CAC976C}.Debug|Any CPU.Build.0 = Debug|Any CPU
		{737D8235-05D6-41E5-BD4C-33723CAC976C}.Release|Any CPU.ActiveCfg = Release|Any CPU
		{737D8235-05D6-41E5-BD4C-33723CAC976C}.Release|Any CPU.Build.0 = Release|Any CPU
	EndGlobalSection
	GlobalSection(SolutionProperties) = preSolution
		HideSolutionNode = FALSE
	EndGlobalSection
	GlobalSection(ExtensibilityGlobals) = postSolution
		SolutionGuid = {F63576AE-CCB1-460F-AF73-7A4ED9BC085A}
	EndGlobalSection
EndGlobal
